
Microsoft Visual Studio Solution File, Format Version 12.00
# Visual Studio Version 17
Project("{8BC9CEB8-8B4A-11D0-8D11-00A0C91BC942}") = "ALL_BUILD", "ALL_BUILD.vcxproj", "{52E1B49B-4DEA-3886-A83C-52D12338D708}"
	ProjectSection(ProjectDependencies) = postProject
		{7D4274FA-B4FE-3A73-BB4E-FE56A252AB8F} = {7D4274FA-B4FE-3A73-BB4E-FE56A252AB8F}
		{2F28439C-9607-3A53-AE08-8F2E3DB9073C} = {2F28439C-9607-3A53-AE08-8F2E3DB9073C}
		{65B49A9A-C880-36C0-9CA0-40191D679B3B} = {65B49A9A-C880-36C0-9CA0-40191D679B3B}
		{73EAD26F-54CB-3A79-B8ED-3DF694B40251} = {73EAD26F-54CB-3A79-B8ED-3DF694B40251}
		{5F2BD4D6-7770-3406-90A2-988D201D0F20} = {5F2BD4D6-7770-3406-90A2-988D201D0F20}
		{A4A5F755-C174-3FB9-8C54-07C9FFD008E5} = {A4A5F755-C174-3FB9-8C54-07C9FFD008E5}
		{B28230C0-D687-3592-B807-58A9108D56FF} = {B28230C0-D687-3592-B807-58A9108D56FF}
		{18EB1941-B831-35AB-98F2-3C8907AFA328} = {18EB1941-B831-35AB-98F2-3C8907AFA328}
		{7807F52F-0F68-341E-9E71-5084427FBF47} = {7807F52F-0F68-341E-9E71-5084427FBF47}
		{B80CE207-BA24-35C3-9242-E59E06A7D324} = {B80CE207-BA24-35C3-9242-E59E06A7D324}
		{91FE05BA-CF27-35F3-99EF-70C634E565D9} = {91FE05BA-CF27-35F3-99EF-70C634E565D9}
		{B3589A8F-526F-35FF-B4E7-DCE3A985D40D} = {B3589A8F-526F-35FF-B4E7-DCE3A985D40D}
		{0B1A1C84-684E-3372-B65A-87163C82A103} = {0B1A1C84-684E-3372-B65A-87163C82A103}
		{5B690639-794D-39DD-85CC-C456AF122063} = {5B690639-794D-39DD-85CC-C456AF122063}
	EndProjectSection
EndProject
Project("{8BC9CEB8-8B4A-11D0-8D11-00A0C91BC942}") = "INSTALL", "INSTALL.vcxproj", "{BAC6B168-2344-3EAE-AB21-B1840AB929E2}"
	ProjectSection(ProjectDependencies) = postProject
		{52E1B49B-4DEA-3886-A83C-52D12338D708} = {52E1B49B-4DEA-3886-A83C-52D12338D708}
		{73EAD26F-54CB-3A79-B8ED-3DF694B40251} = {73EAD26F-54CB-3A79-B8ED-3DF694B40251}
	EndProjectSection
EndProject
Project("{8BC9CEB8-8B4A-11D0-8D11-00A0C91BC942}") = "PROJECTNAME", "PROJECTNAME.vcxproj", "{7D4274FA-B4FE-3A73-BB4E-FE56A252AB8F}"
	ProjectSection(ProjectDependencies) = postProject
		{2F28439C-9607-3A53-AE08-8F2E3DB9073C} = {2F28439C-9607-3A53-AE08-8F2E3DB9073C}
		{73EAD26F-54CB-3A79-B8ED-3DF694B40251} = {73EAD26F-54CB-3A79-B8ED-3DF694B40251}
		{5F2BD4D6-7770-3406-90A2-988D201D0F20} = {5F2BD4D6-7770-3406-90A2-988D201D0F20}
		{A4A5F755-C174-3FB9-8C54-07C9FFD008E5} = {A4A5F755-C174-3FB9-8C54-07C9FFD008E5}
		{B28230C0-D687-3592-B807-58A9108D56FF} = {B28230C0-D687-3592-B807-58A9108D56FF}
		{0B1A1C84-684E-3372-B65A-87163C82A103} = {0B1A1C84-684E-3372-B65A-87163C82A103}
		{5B690639-794D-39DD-85CC-C456AF122063} = {5B690639-794D-39DD-85CC-C456AF122063}
	EndProjectSection
EndProject
Project("{8BC9CEB8-8B4A-11D0-8D11-00A0C91BC942}") = "SQLiteCpp", "thirdparty\SQLiteCpp\SQLiteCpp.vcxproj", "{2F28439C-9607-3A53-AE08-8F2E3DB9073C}"
	ProjectSection(ProjectDependencies) = postProject
		{73EAD26F-54CB-3A79-B8ED-3DF694B40251} = {73EAD26F-54CB-3A79-B8ED-3DF694B40251}
		{B28230C0-D687-3592-B807-58A9108D56FF} = {B28230C0-D687-3592-B807-58A9108D56FF}
	EndProjectSection
EndProject
Project("{8BC9CEB8-8B4A-11D0-8D11-00A0C91BC942}") = "SQLiteCpp_cpplint", "thirdparty\SQLiteCpp\SQLiteCpp_cpplint.vcxproj", "{65B49A9A-C880-36C0-9CA0-40191D679B3B}"
	ProjectSection(ProjectDependencies) = postProject
		{73EAD26F-54CB-3A79-B8ED-3DF694B40251} = {73EAD26F-54CB-3A79-B8ED-3DF694B40251}
	EndProjectSection
EndProject
Project("{8BC9CEB8-8B4A-11D0-8D11-00A0C91BC942}") = "ZERO_CHECK", "ZERO_CHECK.vcxproj", "{73EAD26F-54CB-3A79-B8ED-3DF694B40251}"
	ProjectSection(ProjectDependencies) = postProject
	EndProjectSection
EndProject
Project("{8BC9CEB8-8B4A-11D0-8D11-00A0C91BC942}") = "keyvalues", "thirdparty\KeyValues\keyvalues.vcxproj", "{5F2BD4D6-7770-3406-90A2-988D201D0F20}"
	ProjectSection(ProjectDependencies) = postProject
		{73EAD26F-54CB-3A79-B8ED-3DF694B40251} = {73EAD26F-54CB-3A79-B8ED-3DF694B40251}
	EndProjectSection
EndProject
Project("{8BC9CEB8-8B4A-11D0-8D11-00A0C91BC942}") = "net", "net\net.vcxproj", "{A4A5F755-C174-3FB9-8C54-07C9FFD008E5}"
	ProjectSection(ProjectDependencies) = postProject
		{73EAD26F-54CB-3A79-B8ED-3DF694B40251} = {73EAD26F-54CB-3A79-B8ED-3DF694B40251}
		{0B1A1C84-684E-3372-B65A-87163C82A103} = {0B1A1C84-684E-3372-B65A-87163C82A103}
	EndProjectSection
EndProject
Project("{8BC9CEB8-8B4A-11D0-8D11-00A0C91BC942}") = "sqlite3", "thirdparty\SQLiteCpp\sqlite3\sqlite3.vcxproj", "{B28230C0-D687-3592-B807-58A9108D56FF}"
	ProjectSection(ProjectDependencies) = postProject
		{73EAD26F-54CB-3A79-B8ED-3DF694B40251} = {73EAD26F-54CB-3A79-B8ED-3DF694B40251}
	EndProjectSection
EndProject
Project("{8BC9CEB8-8B4A-11D0-8D11-00A0C91BC942}") = "test", "test\test.vcxproj", "{18EB1941-B831-35AB-98F2-3C8907AFA328}"
	ProjectSection(ProjectDependencies) = postProject
		{73EAD26F-54CB-3A79-B8ED-3DF694B40251} = {73EAD26F-54CB-3A79-B8ED-3DF694B40251}
	EndProjectSection
EndProject
Project("{8BC9CEB8-8B4A-11D0-8D11-00A0C91BC942}") = "test_net", "test\net\test_net.vcxproj", "{7807F52F-0F68-341E-9E71-5084427FBF47}"
	ProjectSection(ProjectDependencies) = postProject
		{73EAD26F-54CB-3A79-B8ED-3DF694B40251} = {73EAD26F-54CB-3A79-B8ED-3DF694B40251}
		{A4A5F755-C174-3FB9-8C54-07C9FFD008E5} = {A4A5F755-C174-3FB9-8C54-07C9FFD008E5}
		{0B1A1C84-684E-3372-B65A-87163C82A103} = {0B1A1C84-684E-3372-B65A-87163C82A103}
	EndProjectSection
EndProject
Project("{8BC9CEB8-8B4A-11D0-8D11-00A0C91BC942}") = "testkv", "thirdparty\KeyValues\testkv.vcxproj", "{B80CE207-BA24-35C3-9242-E59E06A7D324}"
	ProjectSection(ProjectDependencies) = postProject
		{73EAD26F-54CB-3A79-B8ED-3DF694B40251} = {73EAD26F-54CB-3A79-B8ED-3DF694B40251}
		{5F2BD4D6-7770-3406-90A2-988D201D0F20} = {5F2BD4D6-7770-3406-90A2-988D201D0F20}
	EndProjectSection
EndProject
Project("{8BC9CEB8-8B4A-11D0-8D11-00A0C91BC942}") = "uninstall", "thirdparty\zip\uninstall.vcxproj", "{0E99DFC6-8459-30A4-89CD-837144784B0E}"
	ProjectSection(ProjectDependencies) = postProject
		{73EAD26F-54CB-3A79-B8ED-3DF694B40251} = {73EAD26F-54CB-3A79-B8ED-3DF694B40251}
	EndProjectSection
EndProject
Project("{8BC9CEB8-8B4A-11D0-8D11-00A0C91BC942}") = "wolfcryptbench", "thirdparty\wolfssl\wolfcryptbench.vcxproj", "{91FE05BA-CF27-35F3-99EF-70C634E565D9}"
	ProjectSection(ProjectDependencies) = postProject
		{73EAD26F-54CB-3A79-B8ED-3DF694B40251} = {73EAD26F-54CB-3A79-B8ED-3DF694B40251}
		{0B1A1C84-684E-3372-B65A-87163C82A103} = {0B1A1C84-684E-3372-B65A-87163C82A103}
	EndProjectSection
EndProject
Project("{8BC9CEB8-8B4A-11D0-8D11-00A0C91BC942}") = "wolfcrypttest", "thirdparty\wolfssl\wolfcrypttest.vcxproj", "{B3589A8F-526F-35FF-B4E7-DCE3A985D40D}"
	ProjectSection(ProjectDependencies) = postProject
		{73EAD26F-54CB-3A79-B8ED-3DF694B40251} = {73EAD26F-54CB-3A79-B8ED-3DF694B40251}
		{0B1A1C84-684E-3372-B65A-87163C82A103} = {0B1A1C84-684E-3372-B65A-87163C82A103}
	EndProjectSection
EndProject
Project("{8BC9CEB8-8B4A-11D0-8D11-00A0C91BC942}") = "wolfssl", "thirdparty\wolfssl\wolfssl.vcxproj", "{0B1A1C84-684E-3372-B65A-87163C82A103}"
	ProjectSection(ProjectDependencies) = postProject
		{73EAD26F-54CB-3A79-B8ED-3DF694B40251} = {73EAD26F-54CB-3A79-B8ED-3DF694B40251}
	EndProjectSection
EndProject
Project("{8BC9CEB8-8B4A-11D0-8D11-00A0C91BC942}") = "zip", "thirdparty\zip\zip.vcxproj", "{5B690639-794D-39DD-85CC-C456AF122063}"
	ProjectSection(ProjectDependencies) = postProject
		{73EAD26F-54CB-3A79-B8ED-3DF694B40251} = {73EAD26F-54CB-3A79-B8ED-3DF694B40251}
	EndProjectSection
EndProject
Global
	GlobalSection(SolutionConfigurationPlatforms) = preSolution
		Debug|Win32 = Debug|Win32
		Release|Win32 = Release|Win32
		RelWithDebInfo|Win32 = RelWithDebInfo|Win32
	EndGlobalSection
	GlobalSection(ProjectConfigurationPlatforms) = postSolution
		{52E1B49B-4DEA-3886-A83C-52D12338D708}.Debug|Win32.ActiveCfg = Debug|Win32
		{52E1B49B-4DEA-3886-A83C-52D12338D708}.Debug|Win32.Build.0 = Debug|Win32
		{52E1B49B-4DEA-3886-A83C-52D12338D708}.Release|Win32.ActiveCfg = Release|Win32
		{52E1B49B-4DEA-3886-A83C-52D12338D708}.Release|Win32.Build.0 = Release|Win32
		{52E1B49B-4DEA-3886-A83C-52D12338D708}.RelWithDebInfo|Win32.ActiveCfg = RelWithDebInfo|Win32
		{52E1B49B-4DEA-3886-A83C-52D12338D708}.RelWithDebInfo|Win32.Build.0 = RelWithDebInfo|Win32
		{BAC6B168-2344-3EAE-AB21-B1840AB929E2}.Debug|Win32.ActiveCfg = Debug|Win32
		{BAC6B168-2344-3EAE-AB21-B1840AB929E2}.Release|Win32.ActiveCfg = Release|Win32
		{BAC6B168-2344-3EAE-AB21-B1840AB929E2}.RelWithDebInfo|Win32.ActiveCfg = RelWithDebInfo|Win32
		{7D4274FA-B4FE-3A73-BB4E-FE56A252AB8F}.Debug|Win32.ActiveCfg = Debug|Win32
		{7D4274FA-B4FE-3A73-BB4E-FE56A252AB8F}.Debug|Win32.Build.0 = Debug|Win32
		{7D4274FA-B4FE-3A73-BB4E-FE56A252AB8F}.Release|Win32.ActiveCfg = Release|Win32
		{7D4274FA-B4FE-3A73-BB4E-FE56A252AB8F}.Release|Win32.Build.0 = Release|Win32
		{7D4274FA-B4FE-3A73-BB4E-FE56A252AB8F}.RelWithDebInfo|Win32.ActiveCfg = RelWithDebInfo|Win32
		{7D4274FA-B4FE-3A73-BB4E-FE56A252AB8F}.RelWithDebInfo|Win32.Build.0 = RelWithDebInfo|Win32
		{2F28439C-9607-3A53-AE08-8F2E3DB9073C}.Debug|Win32.ActiveCfg = Debug|Win32
		{2F28439C-9607-3A53-AE08-8F2E3DB9073C}.Debug|Win32.Build.0 = Debug|Win32
		{2F28439C-9607-3A53-AE08-8F2E3DB9073C}.Release|Win32.ActiveCfg = Release|Win32
		{2F28439C-9607-3A53-AE08-8F2E3DB9073C}.Release|Win32.Build.0 = Release|Win32
		{2F28439C-9607-3A53-AE08-8F2E3DB9073C}.RelWithDebInfo|Win32.ActiveCfg = RelWithDebInfo|Win32
		{2F28439C-9607-3A53-AE08-8F2E3DB9073C}.RelWithDebInfo|Win32.Build.0 = RelWithDebInfo|Win32
		{65B49A9A-C880-36C0-9CA0-40191D679B3B}.Debug|Win32.ActiveCfg = Debug|Win32
		{65B49A9A-C880-36C0-9CA0-40191D679B3B}.Debug|Win32.Build.0 = Debug|Win32
		{65B49A9A-C880-36C0-9CA0-40191D679B3B}.Release|Win32.ActiveCfg = Release|Win32
		{65B49A9A-C880-36C0-9CA0-40191D679B3B}.Release|Win32.Build.0 = Release|Win32
		{65B49A9A-C880-36C0-9CA0-40191D679B3B}.RelWithDebInfo|Win32.ActiveCfg = RelWithDebInfo|Win32
		{65B49A9A-C880-36C0-9CA0-40191D679B3B}.RelWithDebInfo|Win32.Build.0 = RelWithDebInfo|Win32
		{73EAD26F-54CB-3A79-B8ED-3DF694B40251}.Debug|Win32.ActiveCfg = Debug|Win32
		{73EAD26F-54CB-3A79-B8ED-3DF694B40251}.Debug|Win32.Build.0 = Debug|Win32
		{73EAD26F-54CB-3A79-B8ED-3DF694B40251}.Release|Win32.ActiveCfg = Release|Win32
		{73EAD26F-54CB-3A79-B8ED-3DF694B40251}.Release|Win32.Build.0 = Release|Win32
		{73EAD26F-54CB-3A79-B8ED-3DF694B40251}.RelWithDebInfo|Win32.ActiveCfg = RelWithDebInfo|Win32
		{73EAD26F-54CB-3A79-B8ED-3DF694B40251}.RelWithDebInfo|Win32.Build.0 = RelWithDebInfo|Win32
		{5F2BD4D6-7770-3406-90A2-988D201D0F20}.Debug|Win32.ActiveCfg = Debug|Win32
		{5F2BD4D6-7770-3406-90A2-988D201D0F20}.Debug|Win32.Build.0 = Debug|Win32
		{5F2BD4D6-7770-3406-90A2-988D201D0F20}.Release|Win32.ActiveCfg = Release|Win32
		{5F2BD4D6-7770-3406-90A2-988D201D0F20}.Release|Win32.Build.0 = Release|Win32
		{5F2BD4D6-7770-3406-90A2-988D201D0F20}.RelWithDebInfo|Win32.ActiveCfg = RelWithDebInfo|Win32
		{5F2BD4D6-7770-3406-90A2-988D201D0F20}.RelWithDebInfo|Win32.Build.0 = RelWithDebInfo|Win32
		{A4A5F755-C174-3FB9-8C54-07C9FFD008E5}.Debug|Win32.ActiveCfg = Debug|Win32
		{A4A5F755-C174-3FB9-8C54-07C9FFD008E5}.Debug|Win32.Build.0 = Debug|Win32
		{A4A5F755-C174-3FB9-8C54-07C9FFD008E5}.Release|Win32.ActiveCfg = Release|Win32
		{A4A5F755-C174-3FB9-8C54-07C9FFD008E5}.Release|Win32.Build.0 = Release|Win32
		{A4A5F755-C174-3FB9-8C54-07C9FFD008E5}.RelWithDebInfo|Win32.ActiveCfg = RelWithDebInfo|Win32
		{A4A5F755-C174-3FB9-8C54-07C9FFD008E5}.RelWithDebInfo|Win32.Build.0 = RelWithDebInfo|Win32
		{B28230C0-D687-3592-B807-58A9108D56FF}.Debug|Win32.ActiveCfg = Debug|Win32
		{B28230C0-D687-3592-B807-58A9108D56FF}.Debug|Win32.Build.0 = Debug|Win32
		{B28230C0-D687-3592-B807-58A9108D56FF}.Release|Win32.ActiveCfg = Release|Win32
		{B28230C0-D687-3592-B807-58A9108D56FF}.Release|Win32.Build.0 = Release|Win32
		{B28230C0-D687-3592-B807-58A9108D56FF}.RelWithDebInfo|Win32.ActiveCfg = RelWithDebInfo|Win32
		{B28230C0-D687-3592-B807-58A9108D56FF}.RelWithDebInfo|Win32.Build.0 = RelWithDebInfo|Win32
		{18EB1941-B831-35AB-98F2-3C8907AFA328}.Debug|Win32.ActiveCfg = Debug|Win32
		{18EB1941-B831-35AB-98F2-3C8907AFA328}.Debug|Win32.Build.0 = Debug|Win32
		{18EB1941-B831-35AB-98F2-3C8907AFA328}.Release|Win32.ActiveCfg = Release|Win32
		{18EB1941-B831-35AB-98F2-3C8907AFA328}.Release|Win32.Build.0 = Release|Win32
		{18EB1941-B831-35AB-98F2-3C8907AFA328}.RelWithDebInfo|Win32.ActiveCfg = RelWithDebInfo|Win32
		{18EB1941-B831-35AB-98F2-3C8907AFA328}.RelWithDebInfo|Win32.Build.0 = RelWithDebInfo|Win32
		{7807F52F-0F68-341E-9E71-5084427FBF47}.Debug|Win32.ActiveCfg = Debug|Win32
		{7807F52F-0F68-341E-9E71-5084427FBF47}.Debug|Win32.Build.0 = Debug|Win32
		{7807F52F-0F68-341E-9E71-5084427FBF47}.Release|Win32.ActiveCfg = Release|Win32
		{7807F52F-0F68-341E-9E71-5084427FBF47}.Release|Win32.Build.0 = Release|Win32
		{7807F52F-0F68-341E-9E71-5084427FBF47}.RelWithDebInfo|Win32.ActiveCfg = RelWithDebInfo|Win32
		{7807F52F-0F68-341E-9E71-5084427FBF47}.RelWithDebInfo|Win32.Build.0 = RelWithDebInfo|Win32
		{B80CE207-BA24-35C3-9242-E59E06A7D324}.Debug|Win32.ActiveCfg = Debug|Win32
		{B80CE207-BA24-35C3-9242-E59E06A7D324}.Debug|Win32.Build.0 = Debug|Win32
		{B80CE207-BA24-35C3-9242-E59E06A7D324}.Release|Win32.ActiveCfg = Release|Win32
		{B80CE207-BA24-35C3-9242-E59E06A7D324}.Release|Win32.Build.0 = Release|Win32
		{B80CE207-BA24-35C3-9242-E59E06A7D324}.RelWithDebInfo|Win32.ActiveCfg = RelWithDebInfo|Win32
		{B80CE207-BA24-35C3-9242-E59E06A7D324}.RelWithDebInfo|Win32.Build.0 = RelWithDebInfo|Win32
		{0E99DFC6-8459-30A4-89CD-837144784B0E}.Debug|Win32.ActiveCfg = Debug|Win32
		{0E99DFC6-8459-30A4-89CD-837144784B0E}.Release|Win32.ActiveCfg = Release|Win32
		{0E99DFC6-8459-30A4-89CD-837144784B0E}.RelWithDebInfo|Win32.ActiveCfg = RelWithDebInfo|Win32
		{91FE05BA-CF27-35F3-99EF-70C634E565D9}.Debug|Win32.ActiveCfg = Debug|Win32
		{91FE05BA-CF27-35F3-99EF-70C634E565D9}.Debug|Win32.Build.0 = Debug|Win32
		{91FE05BA-CF27-35F3-99EF-70C634E565D9}.Release|Win32.ActiveCfg = Release|Win32
		{91FE05BA-CF27-35F3-99EF-70C634E565D9}.Release|Win32.Build.0 = Release|Win32
		{91FE05BA-CF27-35F3-99EF-70C634E565D9}.RelWithDebInfo|Win32.ActiveCfg = RelWithDebInfo|Win32
		{91FE05BA-CF27-35F3-99EF-70C634E565D9}.RelWithDebInfo|Win32.Build.0 = RelWithDebInfo|Win32
		{B3589A8F-526F-35FF-B4E7-DCE3A985D40D}.Debug|Win32.ActiveCfg = Debug|Win32
		{B3589A8F-526F-35FF-B4E7-DCE3A985D40D}.Debug|Win32.Build.0 = Debug|Win32
		{B3589A8F-526F-35FF-B4E7-DCE3A985D40D}.Release|Win32.ActiveCfg = Release|Win32
		{B3589A8F-526F-35FF-B4E7-DCE3A985D40D}.Release|Win32.Build.0 = Release|Win32
		{B3589A8F-526F-35FF-B4E7-DCE3A985D40D}.RelWithDebInfo|Win32.ActiveCfg = RelWithDebInfo|Win32
		{B3589A8F-526F-35FF-B4E7-DCE3A985D40D}.RelWithDebInfo|Win32.Build.0 = RelWithDebInfo|Win32
		{0B1A1C84-684E-3372-B65A-87163C82A103}.Debug|Win32.ActiveCfg = Debug|Win32
		{0B1A1C84-684E-3372-B65A-87163C82A103}.Debug|Win32.Build.0 = Debug|Win32
		{0B1A1C84-684E-3372-B65A-87163C82A103}.Release|Win32.ActiveCfg = Release|Win32
		{0B1A1C84-684E-3372-B65A-87163C82A103}.Release|Win32.Build.0 = Release|Win32
		{0B1A1C84-684E-3372-B65A-87163C82A103}.RelWithDebInfo|Win32.ActiveCfg = RelWithDebInfo|Win32
		{0B1A1C84-684E-3372-B65A-87163C82A103}.RelWithDebInfo|Win32.Build.0 = RelWithDebInfo|Win32
		{5B690639-794D-39DD-85CC-C456AF122063}.Debug|Win32.ActiveCfg = Debug|Win32
		{5B690639-794D-39DD-85CC-C456AF122063}.Debug|Win32.Build.0 = Debug|Win32
		{5B690639-794D-39DD-85CC-C456AF122063}.Release|Win32.ActiveCfg = Release|Win32
		{5B690639-794D-39DD-85CC-C456AF122063}.Release|Win32.Build.0 = Release|Win32
		{5B690639-794D-39DD-85CC-C456AF122063}.RelWithDebInfo|Win32.ActiveCfg = RelWithDebInfo|Win32
		{5B690639-794D-39DD-85CC-C456AF122063}.RelWithDebInfo|Win32.Build.0 = RelWithDebInfo|Win32
	EndGlobalSection
	GlobalSection(ExtensibilityGlobals) = postSolution
		SolutionGuid = {A85C1DE9-3AE7-309B-86CF-B05DA41A6B42}
	EndGlobalSection
	GlobalSection(ExtensibilityAddIns) = postSolution
	EndGlobalSection
EndGlobal
