<?xml version="1.0" encoding="utf-8"?>
<Project ToolsVersion="17.0" xmlns="http://schemas.microsoft.com/developer/msbuild/2003">
  <ItemGroup>
    <ClCompile Include="D:\VS_Code_Data\CSNX\CSNZ_Server\src\test\testserver.cpp">
      <Filter>Source Files</Filter>
    </ClCompile>
    <ClCompile Include="D:\VS_Code_Data\CSNX\CSNZ_Server\src\test\testmanager.cpp">
      <Filter>Source Files</Filter>
    </ClCompile>
    <ClCompile Include="D:\VS_Code_Data\CSNX\CSNZ_Server\src\manager\manager.cpp">
      <Filter>Source Files</Filter>
    </ClCompile>
    <ClCompile Include="D:\VS_Code_Data\CSNX\CSNZ_Server\src\test\testlogger.cpp">
      <Filter>Source Files</Filter>
    </ClCompile>
    <ClCompile Include="D:\VS_Code_Data\CSNX\CSNZ_Server\src\common\logger.cpp">
      <Filter>Source Files</Filter>
    </ClCompile>
    <ClCompile Include="D:\VS_Code_Data\CSNX\CSNZ_Server\src\test\testevent.cpp">
      <Filter>Source Files</Filter>
    </ClCompile>
    <ClCompile Include="D:\VS_Code_Data\CSNX\CSNZ_Server\src\test\testcommand.cpp">
      <Filter>Source Files</Filter>
    </ClCompile>
    <ClCompile Include="D:\VS_Code_Data\CSNX\CSNZ_Server\src\command.cpp">
      <Filter>Source Files</Filter>
    </ClCompile>
  </ItemGroup>
  <ItemGroup>
    <CustomBuild Include="D:\VS_Code_Data\CSNX\CSNZ_Server\src\test\CMakeLists.txt" />
  </ItemGroup>
  <ItemGroup>
    <Filter Include="Source Files">
      <UniqueIdentifier>{27EEDCE4-26A1-3163-AECE-FFD1F7BB7AD8}</UniqueIdentifier>
    </Filter>
  </ItemGroup>
</Project>
